
Microsoft Visual Studio Solution File, Format Version 12.00
# Visual Studio Version 17
VisualStudioVersion = 17.8.34525.116
MinimumVisualStudioVersion = 10.0.40219.1
Project("{2150E333-8FDC-42A3-9474-1A3956D46DE8}") = "Itens de Solução", "Itens de Solução", "{25E88D8B-E2D9-4FBB-9B05-CB00DAD75D30}"
	ProjectSection(SolutionItems) = preProject
		.editorconfig = .editorconfig
		.gitattributes = .gitattributes
		.gitignore = .gitignore
		README.md = README.md
	EndProjectSection
EndProject
Project("{FAE04EC0-301F-11D3-BF4B-00C04F79EFBC}") = "Xmutarn.Web", "src\Xmutarn.Web\Xmutarn.Web.csproj", "{6448237B-D4C2-4CA5-8560-E8CE347D37F1}"
EndProject
Global
	GlobalSection(SolutionConfigurationPlatforms) = preSolution
		Debug|Any CPU = Debug|Any CPU
		Release|Any CPU = Release|Any CPU
	EndGlobalSection
	GlobalSection(ProjectConfigurationPlatforms) = postSolution
		{6448237B-D4C2-4CA5-8560-E8CE347D37F1}.Debug|Any CPU.ActiveCfg = Debug|Any CPU
		{6448237B-D4C2-4CA5-8560-E8CE347D37F1}.Debug|Any CPU.Build.0 = Debug|Any CPU
		{6448237B-D4C2-4CA5-8560-E8CE347D37F1}.Release|Any CPU.ActiveCfg = Release|Any CPU
		{6448237B-D4C2-4CA5-8560-E8CE347D37F1}.Release|Any CPU.Build.0 = Release|Any CPU
	EndGlobalSection
	GlobalSection(SolutionProperties) = preSolution
		HideSolutionNode = FALSE
	EndGlobalSection
	GlobalSection(ExtensibilityGlobals) = postSolution
		SolutionGuid = {2CE492A3-3BD3-4E73-912C-55257663DBD1}
	EndGlobalSection
EndGlobal
