
Microsoft Visual Studio Solution File, Format Version 12.00
# Visual Studio Version 17
VisualStudioVersion = 17.0.31521.260
MinimumVisualStudioVersion = 10.0.40219.1
Project("{FAE04EC0-301F-11D3-BF4B-00C04F79EFBC}") = "Xmutarn.WebDocs", "Xmutarn.WebDocs.csproj", "{EE31A30B-EC9F-41EB-94D0-506BB726F979}"
EndProject
Global
	GlobalSection(SolutionConfigurationPlatforms) = preSolution
		Debug|Any CPU = Debug|Any CPU
		Release|Any CPU = Release|Any CPU
	EndGlobalSection
	GlobalSection(ProjectConfigurationPlatforms) = postSolution
		{EE31A30B-EC9F-41EB-94D0-506BB726F979}.Debug|Any CPU.ActiveCfg = Debug|Any CPU
		{EE31A30B-EC9F-41EB-94D0-506BB726F979}.Debug|Any CPU.Build.0 = Debug|Any CPU
		{EE31A30B-EC9F-41EB-94D0-506BB726F979}.Release|Any CPU.ActiveCfg = Release|Any CPU
		{EE31A30B-EC9F-41EB-94D0-506BB726F979}.Release|Any CPU.Build.0 = Release|Any CPU
	EndGlobalSection
	GlobalSection(SolutionProperties) = preSolution
		HideSolutionNode = FALSE
	EndGlobalSection
	GlobalSection(ExtensibilityGlobals) = postSolution
		SolutionGuid = {BEF68FDB-7BE2-4C57-80BA-27A394723812}
	EndGlobalSection
EndGlobal
