
Microsoft Visual Studio Solution File, Format Version 12.00
# Visual Studio Version 17
VisualStudioVersion = 17.6.33829.357
MinimumVisualStudioVersion = 10.0.40219.1
Project("{9A19103F-16F7-4668-BE54-9A1E7A4F7556}") = "Xmutarn.Web", "Xmutarn.Web.csproj", "{5484E3A7-5B4E-46B2-B345-98BDC1271FEE}"
EndProject
Project("{2150E333-8FDC-42A3-9474-1A3956D46DE8}") = "Itens de Solução", "Itens de Solução", "{34C35691-FAA3-4127-B18B-690902D9E5BB}"
	ProjectSection(SolutionItems) = preProject
		.editorconfig = .editorconfig
	EndProjectSection
EndProject
Global
	GlobalSection(SolutionConfigurationPlatforms) = preSolution
		Debug|Any CPU = Debug|Any CPU
		Release|Any CPU = Release|Any CPU
	EndGlobalSection
	GlobalSection(ProjectConfigurationPlatforms) = postSolution
		{5484E3A7-5B4E-46B2-B345-98BDC1271FEE}.Debug|Any CPU.ActiveCfg = Debug|Any CPU
		{5484E3A7-5B4E-46B2-B345-98BDC1271FEE}.Debug|Any CPU.Build.0 = Debug|Any CPU
		{5484E3A7-5B4E-46B2-B345-98BDC1271FEE}.Release|Any CPU.ActiveCfg = Release|Any CPU
		{5484E3A7-5B4E-46B2-B345-98BDC1271FEE}.Release|Any CPU.Build.0 = Release|Any CPU
	EndGlobalSection
	GlobalSection(SolutionProperties) = preSolution
		HideSolutionNode = FALSE
	EndGlobalSection
	GlobalSection(ExtensibilityGlobals) = postSolution
		SolutionGuid = {FE8877C3-3E61-46D7-A853-6D9BDF747A86}
	EndGlobalSection
EndGlobal
